{
  "object": {
    "pins": [
      {
        "package": "Bugsnag",
        "repositoryURL": "https://github.com/bugsnag/bugsnag-cocoa",
        "state": {
          "branch": null,
          "revision": "5aeb63871cc68d6a2533fef203859de0d021dca9",
          "version": "6.19.0"
        }
      }
    ]
  },
  "version": 1
}
